
Microsoft Visual Studio Solution File, Format Version 12.00
# Visual Studio Version 17
VisualStudioVersion = 17.8.34408.163
MinimumVisualStudioVersion = 10.0.40219.1
Project("{FAE04EC0-301F-11D3-BF4B-00C04F79EFBC}") = "FormulaOne.API", "FormulaOne.API\FormulaOne.API.csproj", "{ED65FB5E-1266-4E51-9C8B-E5642DAC3787}"
EndProject
Project("{FAE04EC0-301F-11D3-BF4B-00C04F79EFBC}") = "FormulaOne.DataService", "FormulaOne.DataService\FormulaOne.DataService.csproj", "{29EDC404-3EDC-437B-80B2-BA992EE6DA62}"
EndProject
Project("{FAE04EC0-301F-11D3-BF4B-00C04F79EFBC}") = "FormulaOne.Entities", "FormulaOne.Entities\FormulaOne.Entities.csproj", "{235F11C5-2623-49A6-94F9-28AED09169DB}"
EndProject
Global
	GlobalSection(SolutionConfigurationPlatforms) = preSolution
		Debug|Any CPU = Debug|Any CPU
		Release|Any CPU = Release|Any CPU
	EndGlobalSection
	GlobalSection(ProjectConfigurationPlatforms) = postSolution
		{ED65FB5E-1266-4E51-9C8B-E5642DAC3787}.Debug|Any CPU.ActiveCfg = Debug|Any CPU
		{ED65FB5E-1266-4E51-9C8B-E5642DAC3787}.Debug|Any CPU.Build.0 = Debug|Any CPU
		{ED65FB5E-1266-4E51-9C8B-E5642DAC3787}.Release|Any CPU.ActiveCfg = Release|Any CPU
		{ED65FB5E-1266-4E51-9C8B-E5642DAC3787}.Release|Any CPU.Build.0 = Release|Any CPU
		{29EDC404-3EDC-437B-80B2-BA992EE6DA62}.Debug|Any CPU.ActiveCfg = Debug|Any CPU
		{29EDC404-3EDC-437B-80B2-BA992EE6DA62}.Debug|Any CPU.Build.0 = Debug|Any CPU
		{29EDC404-3EDC-437B-80B2-BA992EE6DA62}.Release|Any CPU.ActiveCfg = Release|Any CPU
		{29EDC404-3EDC-437B-80B2-BA992EE6DA62}.Release|Any CPU.Build.0 = Release|Any CPU
		{235F11C5-2623-49A6-94F9-28AED09169DB}.Debug|Any CPU.ActiveCfg = Debug|Any CPU
		{235F11C5-2623-49A6-94F9-28AED09169DB}.Debug|Any CPU.Build.0 = Debug|Any CPU
		{235F11C5-2623-49A6-94F9-28AED09169DB}.Release|Any CPU.ActiveCfg = Release|Any CPU
		{235F11C5-2623-49A6-94F9-28AED09169DB}.Release|Any CPU.Build.0 = Release|Any CPU
	EndGlobalSection
	GlobalSection(SolutionProperties) = preSolution
		HideSolutionNode = FALSE
	EndGlobalSection
	GlobalSection(ExtensibilityGlobals) = postSolution
		SolutionGuid = {1DA35B70-4695-4900-A600-388506A45156}
	EndGlobalSection
EndGlobal
